// !$*UTF8*$!
{
	archiveVersion = 1;
	classes = {
	};
	objectVersion = 77;
	objects = {

/* Begin PBXContainerItemProxy section */
		50E247392E63BCA700C1BC73 /* PBXContainerItemProxy */ = {
			isa = PBXContainerItemProxy;
			containerPortal = 50E247232E63BCA500C1BC73 /* Project object */;
			proxyType = 1;
			remoteGlobalIDString = 50E2472A2E63BCA500C1BC73;
			remoteInfo = ZenTime;
		};
		50E247432E63BCA700C1BC73 /* PBXContainerItemProxy */ = {
			isa = PBXContainerItemProxy;
			containerPortal = 50E247232E63BCA500C1BC73 /* Project object */;
			proxyType = 1;
			remoteGlobalIDString = 50E2472A2E63BCA500C1BC73;
			remoteInfo = ZenTime;
		};
/* End PBXContainerItemProxy section */

/* Begin PBXFileReference section */
		50E2472B2E63BCA500C1BC73 /* ZenTime.app */ = {isa = PBXFileReference; explicitFileType = wrapper.application; includeInIndex = 0; path = ZenTime.app; sourceTree = BUILT_PRODUCTS_DIR; };
		50E247382E63BCA700C1BC73 /* ZenTimeTests.xctest */ = {isa = PBXFileReference; explicitFileType = wrapper.cfbundle; includeInIndex = 0; path = ZenTimeTests.xctest; sourceTree = BUILT_PRODUCTS_DIR; };
		50E247422E63BCA700C1BC73 /* ZenTimeUITests.xctest */ = {isa = PBXFileReference; explicitFileType = wrapper.cfbundle; includeInIndex = 0; path = ZenTimeUITests.xctest; sourceTree = BUILT_PRODUCTS_DIR; };
/* End PBXFileReference section */

/* Begin PBXFileSystemSynchronizedRootGroup section */
		50E2472D2E63BCA500C1BC73 /* ZenTime */ = {
			isa = PBXFileSystemSynchronizedRootGroup;
			path = ZenTime;
			sourceTree = "<group>";
		};
		50E2473B2E63BCA700C1BC73 /* ZenTimeTests */ = {
			isa = PBXFileSystemSynchronizedRootGroup;
			path = ZenTimeTests;
			sourceTree = "<group>";
		};
		50E247452E63BCA700C1BC73 /* ZenTimeUITests */ = {
			isa = PBXFileSystemSynchronizedRootGroup;
			path = ZenTimeUITests;
			sourceTree = "<group>";
		};
/* End PBXFileSystemSynchronizedRootGroup section */

/* Begin PBXFrameworksBuildPhase section */
		50E247282E63BCA500C1BC73 /* Frameworks */ = {
			isa = PBXFrameworksBuildPhase;
			buildActionMask = 2147483647;
			files = (
			);
			runOnlyForDeploymentPostprocessing = 0;
		};
		50E247352E63BCA700C1BC73 /* Frameworks */ = {
			isa = PBXFrameworksBuildPhase;
			buildActionMask = 2147483647;
			files = (
			);
			runOnlyForDeploymentPostprocessing = 0;
		};
		50E2473F2E63BCA700C1BC73 /* Frameworks */ = {
			isa = PBXFrameworksBuildPhase;
			buildActionMask = 2147483647;
			files = (
			);
			runOnlyForDeploymentPostprocessing = 0;
		};
/* End PBXFrameworksBuildPhase section */

/* Begin PBXGroup section */
		50E247222E63BCA400C1BC73 = {
			isa = PBXGroup;
			children = (
				50E2472D2E63BCA500C1BC73 /* ZenTime */,
				50E2473B2E63BCA700C1BC73 /* ZenTimeTests */,
				50E247452E63BCA700C1BC73 /* ZenTimeUITests */,
				50E2472C2E63BCA500C1BC73 /* Products */,
			);
			sourceTree = "<group>";
		};
		50E2472C2E63BCA500C1BC73 /* Products */ = {
			isa = PBXGroup;
			children = (
				50E2472B2E63BCA500C1BC73 /* ZenTime.app */,
				50E247382E63BCA700C1BC73 /* ZenTimeTests.xctest */,
				50E247422E63BCA700C1BC73 /* ZenTimeUITests.xctest */,
			);
			name = Products;
			sourceTree = "<group>";
		};
/* End PBXGroup section */

/* Begin PBXNativeTarget section */
		50E2472A2E63BCA500C1BC73 /* ZenTime */ = {
			isa = PBXNativeTarget;
			buildConfigurationList = 50E2474C2E63BCA700C1BC73 /* Build configuration list for PBXNativeTarget "ZenTime" */;
			buildPhases = (
				50E247272E63BCA500C1BC73 /* Sources */,
				50E247282E63BCA500C1BC73 /* Frameworks */,
				50E247292E63BCA500C1BC73 /* Resources */,
			);
			buildRules = (
			);
			dependencies = (
			);
			fileSystemSynchronizedGroups = (
				50E2472D2E63BCA500C1BC73 /* ZenTime */,
			);
			name = ZenTime;
			packageProductDependencies = (
			);
			productName = ZenTime;
			productReference = 50E2472B2E63BCA500C1BC73 /* ZenTime.app */;
			productType = "com.apple.product-type.application";
		};
		50E247372E63BCA700C1BC73 /* ZenTimeTests */ = {
			isa = PBXNativeTarget;
			buildConfigurationList = 50E2474F2E63BCA700C1BC73 /* Build configuration list for PBXNativeTarget "ZenTimeTests" */;
			buildPhases = (
				50E247342E63BCA700C1BC73 /* Sources */,
				50E247352E63BCA700C1BC73 /* Frameworks */,
				50E247362E63BCA700C1BC73 /* Resources */,
			);
			buildRules = (
			);
			dependencies = (
				50E2473A2E63BCA700C1BC73 /* PBXTargetDependency */,
			);
			fileSystemSynchronizedGroups = (
				50E2473B2E63BCA700C1BC73 /* ZenTimeTests */,
			);
			name = ZenTimeTests;
			packageProductDependencies = (
			);
			productName = ZenTimeTests;
			productReference = 50E247382E63BCA700C1BC73 /* ZenTimeTests.xctest */;
			productType = "com.apple.product-type.bundle.unit-test";
		};
		50E247412E63BCA700C1BC73 /* ZenTimeUITests */ = {
			isa = PBXNativeTarget;
			buildConfigurationList = 50E247522E63BCA700C1BC73 /* Build configuration list for PBXNativeTarget "ZenTimeUITests" */;
			buildPhases = (
				50E2473E2E63BCA700C1BC73 /* Sources */,
				50E2473F2E63BCA700C1BC73 /* Frameworks */,
				50E247402E63BCA700C1BC73 /* Resources */,
			);
			buildRules = (
			);
			dependencies = (
				50E247442E63BCA700C1BC73 /* PBXTargetDependency */,
			);
			fileSystemSynchronizedGroups = (
				50E247452E63BCA700C1BC73 /* ZenTimeUITests */,
			);
			name = ZenTimeUITests;
			packageProductDependencies = (
			);
			productName = ZenTimeUITests;
			productReference = 50E247422E63BCA700C1BC73 /* ZenTimeUITests.xctest */;
			productType = "com.apple.product-type.bundle.ui-testing";
		};
/* End PBXNativeTarget section */

/* Begin PBXProject section */
		50E247232E63BCA500C1BC73 /* Project object */ = {
			isa = PBXProject;
			attributes = {
				BuildIndependentTargetsInParallel = 1;
				LastSwiftUpdateCheck = 1640;
				LastUpgradeCheck = 1640;
				TargetAttributes = {
					50E2472A2E63BCA500C1BC73 = {
						CreatedOnToolsVersion = 16.4;
					};
					50E247372E63BCA700C1BC73 = {
						CreatedOnToolsVersion = 16.4;
						TestTargetID = 50E2472A2E63BCA500C1BC73;
					};
					50E247412E63BCA700C1BC73 = {
						CreatedOnToolsVersion = 16.4;
						TestTargetID = 50E2472A2E63BCA500C1BC73;
					};
				};
			};
			buildConfigurationList = 50E247262E63BCA500C1BC73 /* Build configuration list for PBXProject "ZenTime" */;
			developmentRegion = en;
			hasScannedForEncodings = 0;
			knownRegions = (
				en,
				Base,
			);
			mainGroup = 50E247222E63BCA400C1BC73;
			minimizedProjectReferenceProxies = 1;
			preferredProjectObjectVersion = 77;
			productRefGroup = 50E2472C2E63BCA500C1BC73 /* Products */;
			projectDirPath = "";
			projectRoot = "";
			targets = (
				50E2472A2E63BCA500C1BC73 /* ZenTime */,
				50E247372E63BCA700C1BC73 /* ZenTimeTests */,
				50E247412E63BCA700C1BC73 /* ZenTimeUITests */,
			);
		};
/* End PBXProject section */

/* Begin PBXResourcesBuildPhase section */
		50E247292E63BCA500C1BC73 /* Resources */ = {
			isa = PBXResourcesBuildPhase;
			buildActionMask = 2147483647;
			files = (
			);
			runOnlyForDeploymentPostprocessing = 0;
		};
		50E247362E63BCA700C1BC73 /* Resources */ = {
			isa = PBXResourcesBuildPhase;
			buildActionMask = 2147483647;
			files = (
			);
			runOnlyForDeploymentPostprocessing = 0;
		};
		50E247402E63BCA700C1BC73 /* Resources */ = {
			isa = PBXResourcesBuildPhase;
			buildActionMask = 2147483647;
			files = (
			);
			runOnlyForDeploymentPostprocessing = 0;
		};
/* End PBXResourcesBuildPhase section */

/* Begin PBXSourcesBuildPhase section */
		50E247272E63BCA500C1BC73 /* Sources */ = {
			isa = PBXSourcesBuildPhase;
			buildActionMask = 2147483647;
			files = (
			);
			runOnlyForDeploymentPostprocessing = 0;
		};
		50E247342E63BCA700C1BC73 /* Sources */ = {
			isa = PBXSourcesBuildPhase;
			buildActionMask = 2147483647;
			files = (
			);
			runOnlyForDeploymentPostprocessing = 0;
		};
		50E2473E2E63BCA700C1BC73 /* Sources */ = {
			isa = PBXSourcesBuildPhase;
			buildActionMask = 2147483647;
			files = (
			);
			runOnlyForDeploymentPostprocessing = 0;
		};
/* End PBXSourcesBuildPhase section */

/* Begin PBXTargetDependency section */
		50E2473A2E63BCA700C1BC73 /* PBXTargetDependency */ = {
			isa = PBXTargetDependency;
			target = 50E2472A2E63BCA500C1BC73 /* ZenTime */;
			targetProxy = 50E247392E63BCA700C1BC73 /* PBXContainerItemProxy */;
		};
		50E247442E63BCA700C1BC73 /* PBXTargetDependency */ = {
			isa = PBXTargetDependency;
			target = 50E2472A2E63BCA500C1BC73 /* ZenTime */;
			targetProxy = 50E247432E63BCA700C1BC73 /* PBXContainerItemProxy */;
		};
/* End PBXTargetDependency section */

/* Begin XCBuildConfiguration section */
		50E2474A2E63BCA700C1BC73 /* Debug */ = {
			isa = XCBuildConfiguration;
			buildSettings = {
				ALWAYS_SEARCH_USER_PATHS = NO;
				ASSETCATALOG_COMPILER_GENERATE_SWIFT_ASSET_SYMBOL_EXTENSIONS = YES;
				CLANG_ANALYZER_NONNULL = YES;
				CLANG_ANALYZER_NUMBER_OBJECT_CONVERSION = YES_AGGRESSIVE;
				CLANG_CXX_LANGUAGE_STANDARD = "gnu++20";
				CLANG_ENABLE_MODULES = YES;
				CLANG_ENABLE_OBJC_ARC = YES;
				CLANG_ENABLE_OBJC_WEAK = YES;
				CLANG_WARN_BLOCK_CAPTURE_AUTORELEASING = YES;
				CLANG_WARN_BOOL_CONVERSION = YES;
				CLANG_WARN_COMMA = YES;
				CLANG_WARN_CONSTANT_CONVERSION = YES;
				CLANG_WARN_DEPRECATED_OBJC_IMPLEMENTATIONS = YES;
				CLANG_WARN_DIRECT_OBJC_ISA_USAGE = YES_ERROR;
				CLANG_WARN_DOCUMENTATION_COMMENTS = YES;
				CLANG_WARN_EMPTY_BODY = YES;
				CLANG_WARN_ENUM_CONVERSION = YES;
				CLANG_WARN_INFINITE_RECURSION = YES;
				CLANG_WARN_INT_CONVERSION = YES;
				CLANG_WARN_NON_LITERAL_NULL_CONVERSION = YES;
				CLANG_WARN_OBJC_IMPLICIT_RETAIN_SELF = YES;
				CLANG_WARN_OBJC_LITERAL_CONVERSION = YES;
				CLANG_WARN_OBJC_ROOT_CLASS = YES_ERROR;
				CLANG_WARN_QUOTED_INCLUDE_IN_FRAMEWORK_HEADER = YES;
				CLANG_WARN_RANGE_LOOP_ANALYSIS = YES;
				CLANG_WARN_STRICT_PROTOTYPES = YES;
				CLANG_WARN_SUSPICIOUS_MOVE = YES;
				CLANG_WARN_UNGUARDED_AVAILABILITY = YES_AGGRESSIVE;
				CLANG_WARN_UNREACHABLE_CODE = YES;
				CLANG_WARN__DUPLICATE_METHOD_MATCH = YES;
				COPY_PHASE_STRIP = NO;
				DEBUG_INFORMATION_FORMAT = dwarf;
				ENABLE_STRICT_OBJC_MSGSEND = YES;
				ENABLE_TESTABILITY = YES;
				ENABLE_USER_SCRIPT_SANDBOXING = YES;
				GCC_C_LANGUAGE_STANDARD = gnu17;
				GCC_DYNAMIC_NO_PIC = NO;
				GCC_NO_COMMON_BLOCKS = YES;
				GCC_OPTIMIZATION_LEVEL = 0;
				GCC_PREPROCESSOR_DEFINITIONS = (
					"DEBUG=1",
					"$(inherited)",
				);
				GCC_WARN_64_TO_32_BIT_CONVERSION = YES;
				GCC_WARN_ABOUT_RETURN_TYPE = YES_ERROR;
				GCC_WARN_UNDECLARED_SELECTOR = YES;
				GCC_WARN_UNINITIALIZED_AUTOS = YES_AGGRESSIVE;
				GCC_WARN_UNUSED_FUNCTION = YES;
				GCC_WARN_UNUSED_VARIABLE = YES;
				IPHONEOS_DEPLOYMENT_TARGET = 18.5;
				LOCALIZATION_PREFERS_STRING_CATALOGS = YES;
				MTL_ENABLE_DEBUG_INFO = INCLUDE_SOURCE;
				MTL_FAST_MATH = YES;
				ONLY_ACTIVE_ARCH = YES;
				SDKROOT = iphoneos;
				SWIFT_ACTIVE_COMPILATION_CONDITIONS = "DEBUG $(inherited)";
				SWIFT_OPTIMIZATION_LEVEL = "-Onone";
			};
			name = Debug;
		};
		50E2474B2E63BCA700C1BC73 /* Release */ = {
			isa = XCBuildConfiguration;
			buildSettings = {
				ALWAYS_SEARCH_USER_PATHS = NO;
				ASSETCATALOG_COMPILER_GENERATE_SWIFT_ASSET_SYMBOL_EXTENSIONS = YES;
				CLANG_ANALYZER_NONNULL = YES;
				CLANG_ANALYZER_NUMBER_OBJECT_CONVERSION = YES_AGGRESSIVE;
				CLANG_CXX_LANGUAGE_STANDARD = "gnu++20";
				CLANG_ENABLE_MODULES = YES;
				CLANG_ENABLE_OBJC_ARC = YES;
				CLANG_ENABLE_OBJC_WEAK = YES;
				CLANG_WARN_BLOCK_CAPTURE_AUTORELEASING = YES;
				CLANG_WARN_BOOL_CONVERSION = YES;
				CLANG_WARN_COMMA = YES;
				CLANG_WARN_CONSTANT_CONVERSION = YES;
				CLANG_WARN_DEPRECATED_OBJC_IMPLEMENTATIONS = YES;
				CLANG_WARN_DIRECT_OBJC_ISA_USAGE = YES_ERROR;
				CLANG_WARN_DOCUMENTATION_COMMENTS = YES;
				CLANG_WARN_EMPTY_BODY = YES;
				CLANG_WARN_ENUM_CONVERSION = YES;
				CLANG_WARN_INFINITE_RECURSION = YES;
				CLANG_WARN_INT_CONVERSION = YES;
				CLANG_WARN_NON_LITERAL_NULL_CONVERSION = YES;
				CLANG_WARN_OBJC_IMPLICIT_RETAIN_SELF = YES;
				CLANG_WARN_OBJC_LITERAL_CONVERSION = YES;
				CLANG_WARN_OBJC_ROOT_CLASS = YES_ERROR;
				CLANG_WARN_QUOTED_INCLUDE_IN_FRAMEWORK_HEADER = YES;
				CLANG_WARN_RANGE_LOOP_ANALYSIS = YES;
				CLANG_WARN_STRICT_PROTOTYPES = YES;
				CLANG_WARN_SUSPICIOUS_MOVE = YES;
				CLANG_WARN_UNGUARDED_AVAILABILITY = YES_AGGRESSIVE;
				CLANG_WARN_UNREACHABLE_CODE = YES;
				CLANG_WARN__DUPLICATE_METHOD_MATCH = YES;
				COPY_PHASE_STRIP = NO;
				DEBUG_INFORMATION_FORMAT = "dwarf-with-dsym";
				ENABLE_NS_ASSERTIONS = NO;
				ENABLE_STRICT_OBJC_MSGSEND = YES;
				ENABLE_USER_SCRIPT_SANDBOXING = YES;
				GCC_C_LANGUAGE_STANDARD = gnu17;
				GCC_NO_COMMON_BLOCKS = YES;
				GCC_WARN_64_TO_32_BIT_CONVERSION = YES;
				GCC_WARN_ABOUT_RETURN_TYPE = YES_ERROR;
				GCC_WARN_UNDECLARED_SELECTOR = YES;
				GCC_WARN_UNINITIALIZED_AUTOS = YES_AGGRESSIVE;
				GCC_WARN_UNUSED_FUNCTION = YES;
				GCC_WARN_UNUSED_VARIABLE = YES;
				IPHONEOS_DEPLOYMENT_TARGET = 18.5;
				LOCALIZATION_PREFERS_STRING_CATALOGS = YES;
				MTL_ENABLE_DEBUG_INFO = NO;
				MTL_FAST_MATH = YES;
				SDKROOT = iphoneos;
				SWIFT_COMPILATION_MODE = wholemodule;
				VALIDATE_PRODUCT = YES;
			};
			name = Release;
		};
		50E2474D2E63BCA700C1BC73 /* Debug */ = {
			isa = XCBuildConfiguration;
			buildSettings = {
				ASSETCATALOG_COMPILER_APPICON_NAME = AppIcon;
				ASSETCATALOG_COMPILER_GLOBAL_ACCENT_COLOR_NAME = AccentColor;
				CODE_SIGN_STYLE = Automatic;
				CURRENT_PROJECT_VERSION = 1;
				ENABLE_PREVIEWS = YES;
				GENERATE_INFOPLIST_FILE = YES;
				INFOPLIST_KEY_UIApplicationSceneManifest_Generation = YES;
				INFOPLIST_KEY_UIApplicationSupportsIndirectInputEvents = YES;
				INFOPLIST_KEY_UILaunchScreen_Generation = YES;
				INFOPLIST_KEY_UISupportedInterfaceOrientations_iPad = "UIInterfaceOrientationPortrait UIInterfaceOrientationPortraitUpsideDown UIInterfaceOrientationLandscapeLeft UIInterfaceOrientationLandscapeRight";
				INFOPLIST_KEY_UISupportedInterfaceOrientations_iPhone = "UIInterfaceOrientationPortrait UIInterfaceOrientationLandscapeLeft UIInterfaceOrientationLandscapeRight";
				LD_RUNPATH_SEARCH_PATHS = (
					"$(inherited)",
					"@executable_path/Frameworks",
				);
				MARKETING_VERSION = 1.0;
				PRODUCT_BUNDLE_IDENTIFIER = aurainfo.ZenTime;
				PRODUCT_NAME = "$(TARGET_NAME)";
				SWIFT_EMIT_LOC_STRINGS = YES;
				SWIFT_VERSION = 5.0;
				TARGETED_DEVICE_FAMILY = "1,2";
			};
			name = Debug;
		};
		50E2474E2E63BCA700C1BC73 /* Release */ = {
			isa = XCBuildConfiguration;
			buildSettings = {
				ASSETCATALOG_COMPILER_APPICON_NAME = AppIcon;
				ASSETCATALOG_COMPILER_GLOBAL_ACCENT_COLOR_NAME = AccentColor;
				CODE_SIGN_STYLE = Automatic;
				CURRENT_PROJECT_VERSION = 1;
				ENABLE_PREVIEWS = YES;
				GENERATE_INFOPLIST_FILE = YES;
				INFOPLIST_KEY_UIApplicationSceneManifest_Generation = YES;
				INFOPLIST_KEY_UIApplicationSupportsIndirectInputEvents = YES;
				INFOPLIST_KEY_UILaunchScreen_Generation = YES;
				INFOPLIST_KEY_UISupportedInterfaceOrientations_iPad = "UIInterfaceOrientationPortrait UIInterfaceOrientationPortraitUpsideDown UIInterfaceOrientationLandscapeLeft UIInterfaceOrientationLandscapeRight";
				INFOPLIST_KEY_UISupportedInterfaceOrientations_iPhone = "UIInterfaceOrientationPortrait UIInterfaceOrientationLandscapeLeft UIInterfaceOrientationLandscapeRight";
				LD_RUNPATH_SEARCH_PATHS = (
					"$(inherited)",
					"@executable_path/Frameworks",
				);
				MARKETING_VERSION = 1.0;
				PRODUCT_BUNDLE_IDENTIFIER = aurainfo.ZenTime;
				PRODUCT_NAME = "$(TARGET_NAME)";
				SWIFT_EMIT_LOC_STRINGS = YES;
				SWIFT_VERSION = 5.0;
				TARGETED_DEVICE_FAMILY = "1,2";
			};
			name = Release;
		};
		50E247502E63BCA700C1BC73 /* Debug */ = {
			isa = XCBuildConfiguration;
			buildSettings = {
				BUNDLE_LOADER = "$(TEST_HOST)";
				CODE_SIGN_STYLE = Automatic;
				CURRENT_PROJECT_VERSION = 1;
				GENERATE_INFOPLIST_FILE = YES;
				IPHONEOS_DEPLOYMENT_TARGET = 18.5;
				MARKETING_VERSION = 1.0;
				PRODUCT_BUNDLE_IDENTIFIER = aurainfo.ZenTimeTests;
				PRODUCT_NAME = "$(TARGET_NAME)";
				SWIFT_EMIT_LOC_STRINGS = NO;
				SWIFT_VERSION = 5.0;
				TARGETED_DEVICE_FAMILY = "1,2";
				TEST_HOST = "$(BUILT_PRODUCTS_DIR)/ZenTime.app/$(BUNDLE_EXECUTABLE_FOLDER_PATH)/ZenTime";
			};
			name = Debug;
		};
		50E247512E63BCA700C1BC73 /* Release */ = {
			isa = XCBuildConfiguration;
			buildSettings = {
				BUNDLE_LOADER = "$(TEST_HOST)";
				CODE_SIGN_STYLE = Automatic;
				CURRENT_PROJECT_VERSION = 1;
				GENERATE_INFOPLIST_FILE = YES;
				IPHONEOS_DEPLOYMENT_TARGET = 18.5;
				MARKETING_VERSION = 1.0;
				PRODUCT_BUNDLE_IDENTIFIER = aurainfo.ZenTimeTests;
				PRODUCT_NAME = "$(TARGET_NAME)";
				SWIFT_EMIT_LOC_STRINGS = NO;
				SWIFT_VERSION = 5.0;
				TARGETED_DEVICE_FAMILY = "1,2";
				TEST_HOST = "$(BUILT_PRODUCTS_DIR)/ZenTime.app/$(BUNDLE_EXECUTABLE_FOLDER_PATH)/ZenTime";
			};
			name = Release;
		};
		50E247532E63BCA700C1BC73 /* Debug */ = {
			isa = XCBuildConfiguration;
			buildSettings = {
				CODE_SIGN_STYLE = Automatic;
				CURRENT_PROJECT_VERSION = 1;
				GENERATE_INFOPLIST_FILE = YES;
				MARKETING_VERSION = 1.0;
				PRODUCT_BUNDLE_IDENTIFIER = aurainfo.ZenTimeUITests;
				PRODUCT_NAME = "$(TARGET_NAME)";
				SWIFT_EMIT_LOC_STRINGS = NO;
				SWIFT_VERSION = 5.0;
				TARGETED_DEVICE_FAMILY = "1,2";
				TEST_TARGET_NAME = ZenTime;
			};
			name = Debug;
		};
		50E247542E63BCA700C1BC73 /* Release */ = {
			isa = XCBuildConfiguration;
			buildSettings = {
				CODE_SIGN_STYLE = Automatic;
				CURRENT_PROJECT_VERSION = 1;
				GENERATE_INFOPLIST_FILE = YES;
				MARKETING_VERSION = 1.0;
				PRODUCT_BUNDLE_IDENTIFIER = aurainfo.ZenTimeUITests;
				PRODUCT_NAME = "$(TARGET_NAME)";
				SWIFT_EMIT_LOC_STRINGS = NO;
				SWIFT_VERSION = 5.0;
				TARGETED_DEVICE_FAMILY = "1,2";
				TEST_TARGET_NAME = ZenTime;
			};
			name = Release;
		};
/* End XCBuildConfiguration section */

/* Begin XCConfigurationList section */
		50E247262E63BCA500C1BC73 /* Build configuration list for PBXProject "ZenTime" */ = {
			isa = XCConfigurationList;
			buildConfigurations = (
				50E2474A2E63BCA700C1BC73 /* Debug */,
				50E2474B2E63BCA700C1BC73 /* Release */,
			);
			defaultConfigurationIsVisible = 0;
			defaultConfigurationName = Release;
		};
		50E2474C2E63BCA700C1BC73 /* Build configuration list for PBXNativeTarget "ZenTime" */ = {
			isa = XCConfigurationList;
			buildConfigurations = (
				50E2474D2E63BCA700C1BC73 /* Debug */,
				50E2474E2E63BCA700C1BC73 /* Release */,
			);
			defaultConfigurationIsVisible = 0;
			defaultConfigurationName = Release;
		};
		50E2474F2E63BCA700C1BC73 /* Build configuration list for PBXNativeTarget "ZenTimeTests" */ = {
			isa = XCConfigurationList;
			buildConfigurations = (
				50E247502E63BCA700C1BC73 /* Debug */,
				50E247512E63BCA700C1BC73 /* Release */,
			);
			defaultConfigurationIsVisible = 0;
			defaultConfigurationName = Release;
		};
		50E247522E63BCA700C1BC73 /* Build configuration list for PBXNativeTarget "ZenTimeUITests" */ = {
			isa = XCConfigurationList;
			buildConfigurations = (
				50E247532E63BCA700C1BC73 /* Debug */,
				50E247542E63BCA700C1BC73 /* Release */,
			);
			defaultConfigurationIsVisible = 0;
			defaultConfigurationName = Release;
		};
/* End XCConfigurationList section */
	};
	rootObject = 50E247232E63BCA500C1BC73 /* Project object */;
}
